
Microsoft Visual Studio Solution File, Format Version 12.00
# Visual Studio 15
VisualStudioVersion = 15.0.26124.0
MinimumVisualStudioVersion = 15.0.26124.0
Project("{FAE04EC0-301F-11D3-BF4B-00C04F79EFBC}") = "PaymentContext.Domain", "PaymentContext.Domain\PaymentContext.Domain.csproj", "{5B413E54-FF0F-46E3-998B-2A6B90EF3A98}"
EndProject
Project("{FAE04EC0-301F-11D3-BF4B-00C04F79EFBC}") = "PaymentContext.Shared", "PaymentContext.Shared\PaymentContext.Shared.csproj", "{B73BDA17-E21C-4706-A687-58A7A3CCEDCC}"
EndProject
Project("{FAE04EC0-301F-11D3-BF4B-00C04F79EFBC}") = "PaymentContext.Tests", "PaymentContext.Tests\PaymentContext.Tests.csproj", "{254EFF44-4F39-4308-ADC6-CE2FC6313EC7}"
EndProject
Global
	GlobalSection(SolutionConfigurationPlatforms) = preSolution
		Debug|Any CPU = Debug|Any CPU
		Debug|x64 = Debug|x64
		Debug|x86 = Debug|x86
		Release|Any CPU = Release|Any CPU
		Release|x64 = Release|x64
		Release|x86 = Release|x86
	EndGlobalSection
	GlobalSection(SolutionProperties) = preSolution
		HideSolutionNode = FALSE
	EndGlobalSection
	GlobalSection(ProjectConfigurationPlatforms) = postSolution
		{5B413E54-FF0F-46E3-998B-2A6B90EF3A98}.Debug|Any CPU.ActiveCfg = Debug|Any CPU
		{5B413E54-FF0F-46E3-998B-2A6B90EF3A98}.Debug|Any CPU.Build.0 = Debug|Any CPU
		{5B413E54-FF0F-46E3-998B-2A6B90EF3A98}.Debug|x64.ActiveCfg = Debug|Any CPU
		{5B413E54-FF0F-46E3-998B-2A6B90EF3A98}.Debug|x64.Build.0 = Debug|Any CPU
		{5B413E54-FF0F-46E3-998B-2A6B90EF3A98}.Debug|x86.ActiveCfg = Debug|Any CPU
		{5B413E54-FF0F-46E3-998B-2A6B90EF3A98}.Debug|x86.Build.0 = Debug|Any CPU
		{5B413E54-FF0F-46E3-998B-2A6B90EF3A98}.Release|Any CPU.ActiveCfg = Release|Any CPU
		{5B413E54-FF0F-46E3-998B-2A6B90EF3A98}.Release|Any CPU.Build.0 = Release|Any CPU
		{5B413E54-FF0F-46E3-998B-2A6B90EF3A98}.Release|x64.ActiveCfg = Release|Any CPU
		{5B413E54-FF0F-46E3-998B-2A6B90EF3A98}.Release|x64.Build.0 = Release|Any CPU
		{5B413E54-FF0F-46E3-998B-2A6B90EF3A98}.Release|x86.ActiveCfg = Release|Any CPU
		{5B413E54-FF0F-46E3-998B-2A6B90EF3A98}.Release|x86.Build.0 = Release|Any CPU
		{B73BDA17-E21C-4706-A687-58A7A3CCEDCC}.Debug|Any CPU.ActiveCfg = Debug|Any CPU
		{B73BDA17-E21C-4706-A687-58A7A3CCEDCC}.Debug|Any CPU.Build.0 = Debug|Any CPU
		{B73BDA17-E21C-4706-A687-58A7A3CCEDCC}.Debug|x64.ActiveCfg = Debug|Any CPU
		{B73BDA17-E21C-4706-A687-58A7A3CCEDCC}.Debug|x64.Build.0 = Debug|Any CPU
		{B73BDA17-E21C-4706-A687-58A7A3CCEDCC}.Debug|x86.ActiveCfg = Debug|Any CPU
		{B73BDA17-E21C-4706-A687-58A7A3CCEDCC}.Debug|x86.Build.0 = Debug|Any CPU
		{B73BDA17-E21C-4706-A687-58A7A3CCEDCC}.Release|Any CPU.ActiveCfg = Release|Any CPU
		{B73BDA17-E21C-4706-A687-58A7A3CCEDCC}.Release|Any CPU.Build.0 = Release|Any CPU
		{B73BDA17-E21C-4706-A687-58A7A3CCEDCC}.Release|x64.ActiveCfg = Release|Any CPU
		{B73BDA17-E21C-4706-A687-58A7A3CCEDCC}.Release|x64.Build.0 = Release|Any CPU
		{B73BDA17-E21C-4706-A687-58A7A3CCEDCC}.Release|x86.ActiveCfg = Release|Any CPU
		{B73BDA17-E21C-4706-A687-58A7A3CCEDCC}.Release|x86.Build.0 = Release|Any CPU
		{254EFF44-4F39-4308-ADC6-CE2FC6313EC7}.Debug|Any CPU.ActiveCfg = Debug|Any CPU
		{254EFF44-4F39-4308-ADC6-CE2FC6313EC7}.Debug|Any CPU.Build.0 = Debug|Any CPU
		{254EFF44-4F39-4308-ADC6-CE2FC6313EC7}.Debug|x64.ActiveCfg = Debug|Any CPU
		{254EFF44-4F39-4308-ADC6-CE2FC6313EC7}.Debug|x64.Build.0 = Debug|Any CPU
		{254EFF44-4F39-4308-ADC6-CE2FC6313EC7}.Debug|x86.ActiveCfg = Debug|Any CPU
		{254EFF44-4F39-4308-ADC6-CE2FC6313EC7}.Debug|x86.Build.0 = Debug|Any CPU
		{254EFF44-4F39-4308-ADC6-CE2FC6313EC7}.Release|Any CPU.ActiveCfg = Release|Any CPU
		{254EFF44-4F39-4308-ADC6-CE2FC6313EC7}.Release|Any CPU.Build.0 = Release|Any CPU
		{254EFF44-4F39-4308-ADC6-CE2FC6313EC7}.Release|x64.ActiveCfg = Release|Any CPU
		{254EFF44-4F39-4308-ADC6-CE2FC6313EC7}.Release|x64.Build.0 = Release|Any CPU
		{254EFF44-4F39-4308-ADC6-CE2FC6313EC7}.Release|x86.ActiveCfg = Release|Any CPU
		{254EFF44-4F39-4308-ADC6-CE2FC6313EC7}.Release|x86.Build.0 = Release|Any CPU
	EndGlobalSection
EndGlobal
